
Microsoft Visual Studio Solution File, Format Version 12.00
# Visual Studio 15
VisualStudioVersion = 15.0.26403.3
MinimumVisualStudioVersion = 10.0.40219.1
Project("{FAE04EC0-301F-11D3-BF4B-00C04F79EFBC}") = "Second Nature", "Second Nature\Second Nature.csproj", "{FC328681-5263-4963-9CE5-AF658B8189E6}"
EndProject
Project("{FAE04EC0-301F-11D3-BF4B-00C04F79EFBC}") = "Nature's Prophet", "Nature's Prophet\Nature's Prophet.csproj", "{CDF7455D-EB1C-4220-9C85-B35918957226}"
EndProject
Project("{FAE04EC0-301F-11D3-BF4B-00C04F79EFBC}") = "NMS", "NMS\NMS.csproj", "{A6AACCF7-A7A9-4D71-A466-9C2CBD7D6383}"
EndProject
Global
	GlobalSection(SolutionConfigurationPlatforms) = preSolution
		Debug|Any CPU = Debug|Any CPU
		Release|Any CPU = Release|Any CPU
	EndGlobalSection
	GlobalSection(ProjectConfigurationPlatforms) = postSolution
		{FC328681-5263-4963-9CE5-AF658B8189E6}.Debug|Any CPU.ActiveCfg = Debug|Any CPU
		{FC328681-5263-4963-9CE5-AF658B8189E6}.Debug|Any CPU.Build.0 = Debug|Any CPU
		{FC328681-5263-4963-9CE5-AF658B8189E6}.Release|Any CPU.ActiveCfg = Release|Any CPU
		{FC328681-5263-4963-9CE5-AF658B8189E6}.Release|Any CPU.Build.0 = Release|Any CPU
		{CDF7455D-EB1C-4220-9C85-B35918957226}.Debug|Any CPU.ActiveCfg = Debug|Any CPU
		{CDF7455D-EB1C-4220-9C85-B35918957226}.Debug|Any CPU.Build.0 = Debug|Any CPU
		{CDF7455D-EB1C-4220-9C85-B35918957226}.Release|Any CPU.ActiveCfg = Release|Any CPU
		{CDF7455D-EB1C-4220-9C85-B35918957226}.Release|Any CPU.Build.0 = Release|Any CPU
		{A6AACCF7-A7A9-4D71-A466-9C2CBD7D6383}.Debug|Any CPU.ActiveCfg = Debug|Any CPU
		{A6AACCF7-A7A9-4D71-A466-9C2CBD7D6383}.Debug|Any CPU.Build.0 = Debug|Any CPU
		{A6AACCF7-A7A9-4D71-A466-9C2CBD7D6383}.Release|Any CPU.ActiveCfg = Release|Any CPU
		{A6AACCF7-A7A9-4D71-A466-9C2CBD7D6383}.Release|Any CPU.Build.0 = Release|Any CPU
	EndGlobalSection
	GlobalSection(SolutionProperties) = preSolution
		HideSolutionNode = FALSE
	EndGlobalSection
EndGlobal
